
Microsoft Visual Studio Solution File, Format Version 9.00
# Visual Studio 2005
Project("{FAE04EC0-301F-11D3-BF4B-00C04F79EFBC}") = "Bulk_M3U_Maker", "Bulk_M3U_Maker\Bulk_M3U_Maker.csproj", "{B79FE6EB-9936-4B56-A927-FCE480FB70C8}"
EndProject
Global
	GlobalSection(SolutionConfigurationPlatforms) = preSolution
		Debug|Any CPU = Debug|Any CPU
		Release|Any CPU = Release|Any CPU
	EndGlobalSection
	GlobalSection(ProjectConfigurationPlatforms) = postSolution
		{B79FE6EB-9936-4B56-A927-FCE480FB70C8}.Debug|Any CPU.ActiveCfg = Debug|Any CPU
		{B79FE6EB-9936-4B56-A927-FCE480FB70C8}.Debug|Any CPU.Build.0 = Debug|Any CPU
		{B79FE6EB-9936-4B56-A927-FCE480FB70C8}.Release|Any CPU.ActiveCfg = Release|Any CPU
		{B79FE6EB-9936-4B56-A927-FCE480FB70C8}.Release|Any CPU.Build.0 = Release|Any CPU
	EndGlobalSection
	GlobalSection(SolutionProperties) = preSolution
		HideSolutionNode = FALSE
	EndGlobalSection
EndGlobal
